// !$*UTF8*$!
{
	archiveVersion = 1;
	classes = {
	};
	objectVersion = 46;
	objects = {

/* Begin PBXBuildFile section */
		C91665671CAEDEEA00D9EC14 /* GarbageNode.swift in Sources */ = {isa = PBXBuildFile; fileRef = C91665661CAEDEEA00D9EC14 /* GarbageNode.swift */; };
		C92537E61C84CA0F00EA2FE5 /* AudioCollection.swift in Sources */ = {isa = PBXBuildFile; fileRef = C92537E51C84CA0F00EA2FE5 /* AudioCollection.swift */; };
		C96783041CA4377F00269CB6 /* AudioKit.framework in Frameworks */ = {isa = PBXBuildFile; fileRef = C96783031CA4377F00269CB6 /* AudioKit.framework */; };
		C96783051CA4377F00269CB6 /* AudioKit.framework in Embed Frameworks */ = {isa = PBXBuildFile; fileRef = C96783031CA4377F00269CB6 /* AudioKit.framework */; settings = {ATTRIBUTES = (CodeSignOnCopy, RemoveHeadersOnCopy, ); }; };
		C999B58D1CA318F000626CEB /* waveNode.swift in Sources */ = {isa = PBXBuildFile; fileRef = C999B58C1CA318F000626CEB /* waveNode.swift */; };
		C9D6EB2D1CA5A1E700896C50 /* NodeMenu.swift in Sources */ = {isa = PBXBuildFile; fileRef = C9D6EB2C1CA5A1E700896C50 /* NodeMenu.swift */; };
		C9E90BF11C4EBE4100D77A4E /* WaveScene.swift in Sources */ = {isa = PBXBuildFile; fileRef = C9E90BF01C4EBE4100D77A4E /* WaveScene.swift */; };
		C9FB7BB21C247BB300C0E079 /* AppDelegate.swift in Sources */ = {isa = PBXBuildFile; fileRef = C9FB7BB11C247BB300C0E079 /* AppDelegate.swift */; };
		C9FB7BB41C247BB300C0E079 /* GameScene.sks in Resources */ = {isa = PBXBuildFile; fileRef = C9FB7BB31C247BB300C0E079 /* GameScene.sks */; };
		C9FB7BB61C247BB400C0E079 /* GameScene.swift in Sources */ = {isa = PBXBuildFile; fileRef = C9FB7BB51C247BB300C0E079 /* GameScene.swift */; };
		C9FB7BB81C247BB400C0E079 /* GameViewController.swift in Sources */ = {isa = PBXBuildFile; fileRef = C9FB7BB71C247BB400C0E079 /* GameViewController.swift */; };
		C9FB7BBB1C247BB400C0E079 /* Main.storyboard in Resources */ = {isa = PBXBuildFile; fileRef = C9FB7BB91C247BB400C0E079 /* Main.storyboard */; };
		C9FB7BBD1C247BB400C0E079 /* Assets.xcassets in Resources */ = {isa = PBXBuildFile; fileRef = C9FB7BBC1C247BB400C0E079 /* Assets.xcassets */; };
		C9FB7BC01C247BB400C0E079 /* LaunchScreen.storyboard in Resources */ = {isa = PBXBuildFile; fileRef = C9FB7BBE1C247BB400C0E079 /* LaunchScreen.storyboard */; };
		C9FB7BCB1C247BB400C0E079 /* Wave_MachineTests.swift in Sources */ = {isa = PBXBuildFile; fileRef = C9FB7BCA1C247BB400C0E079 /* Wave_MachineTests.swift */; };
		C9FB7BD61C247BB400C0E079 /* Wave_MachineUITests.swift in Sources */ = {isa = PBXBuildFile; fileRef = C9FB7BD51C247BB400C0E079 /* Wave_MachineUITests.swift */; };
		C9FB7BE41C247DDC00C0E079 /* SoundNode.swift in Sources */ = {isa = PBXBuildFile; fileRef = C9FB7BE31C247DDC00C0E079 /* SoundNode.swift */; };
/* End PBXBuildFile section */

/* Begin PBXContainerItemProxy section */
		C9FB7BC71C247BB400C0E079 /* PBXContainerItemProxy */ = {
			isa = PBXContainerItemProxy;
			containerPortal = C9FB7BA61C247BB300C0E079 /* Project object */;
			proxyType = 1;
			remoteGlobalIDString = C9FB7BAD1C247BB300C0E079;
			remoteInfo = "Wave Machine";
		};
		C9FB7BD21C247BB400C0E079 /* PBXContainerItemProxy */ = {
			isa = PBXContainerItemProxy;
			containerPortal = C9FB7BA61C247BB300C0E079 /* Project object */;
			proxyType = 1;
			remoteGlobalIDString = C9FB7BAD1C247BB300C0E079;
			remoteInfo = "Wave Machine";
		};
/* End PBXContainerItemProxy section */

/* Begin PBXCopyFilesBuildPhase section */
		C98BCDB01C6FB43A00EF8D54 /* Embed Frameworks */ = {
			isa = PBXCopyFilesBuildPhase;
			buildActionMask = 2147483647;
			dstPath = "";
			dstSubfolderSpec = 10;
			files = (
				C96783051CA4377F00269CB6 /* AudioKit.framework in Embed Frameworks */,
			);
			name = "Embed Frameworks";
			runOnlyForDeploymentPostprocessing = 0;
		};
/* End PBXCopyFilesBuildPhase section */

/* Begin PBXFileReference section */
		C91665661CAEDEEA00D9EC14 /* GarbageNode.swift */ = {isa = PBXFileReference; fileEncoding = 4; lastKnownFileType = sourcecode.swift; path = GarbageNode.swift; sourceTree = "<group>"; };
		C92537E51C84CA0F00EA2FE5 /* AudioCollection.swift */ = {isa = PBXFileReference; fileEncoding = 4; lastKnownFileType = sourcecode.swift; path = AudioCollection.swift; sourceTree = "<group>"; };
		C96783031CA4377F00269CB6 /* AudioKit.framework */ = {isa = PBXFileReference; lastKnownFileType = wrapper.framework; path = AudioKit.framework; sourceTree = "<group>"; };
		C999B58C1CA318F000626CEB /* waveNode.swift */ = {isa = PBXFileReference; fileEncoding = 4; lastKnownFileType = sourcecode.swift; path = waveNode.swift; sourceTree = "<group>"; };
		C9D6EB2C1CA5A1E700896C50 /* NodeMenu.swift */ = {isa = PBXFileReference; fileEncoding = 4; lastKnownFileType = sourcecode.swift; path = NodeMenu.swift; sourceTree = "<group>"; };
		C9E90BF01C4EBE4100D77A4E /* WaveScene.swift */ = {isa = PBXFileReference; fileEncoding = 4; lastKnownFileType = sourcecode.swift; path = WaveScene.swift; sourceTree = "<group>"; };
		C9FB7BAE1C247BB300C0E079 /* Wave Machine.app */ = {isa = PBXFileReference; explicitFileType = wrapper.application; includeInIndex = 0; path = "Wave Machine.app"; sourceTree = BUILT_PRODUCTS_DIR; };
		C9FB7BB11C247BB300C0E079 /* AppDelegate.swift */ = {isa = PBXFileReference; lastKnownFileType = sourcecode.swift; path = AppDelegate.swift; sourceTree = "<group>"; };
		C9FB7BB31C247BB300C0E079 /* GameScene.sks */ = {isa = PBXFileReference; lastKnownFileType = file.sks; path = GameScene.sks; sourceTree = "<group>"; };
		C9FB7BB51C247BB300C0E079 /* GameScene.swift */ = {isa = PBXFileReference; lastKnownFileType = sourcecode.swift; path = GameScene.swift; sourceTree = "<group>"; };
		C9FB7BB71C247BB400C0E079 /* GameViewController.swift */ = {isa = PBXFileReference; lastKnownFileType = sourcecode.swift; path = GameViewController.swift; sourceTree = "<group>"; };
		C9FB7BBA1C247BB400C0E079 /* Base */ = {isa = PBXFileReference; lastKnownFileType = file.storyboard; name = Base; path = Base.lproj/Main.storyboard; sourceTree = "<group>"; };
		C9FB7BBC1C247BB400C0E079 /* Assets.xcassets */ = {isa = PBXFileReference; lastKnownFileType = folder.assetcatalog; path = Assets.xcassets; sourceTree = "<group>"; };
		C9FB7BBF1C247BB400C0E079 /* Base */ = {isa = PBXFileReference; lastKnownFileType = file.storyboard; name = Base; path = Base.lproj/LaunchScreen.storyboard; sourceTree = "<group>"; };
		C9FB7BC11C247BB400C0E079 /* Info.plist */ = {isa = PBXFileReference; lastKnownFileType = text.plist.xml; path = Info.plist; sourceTree = "<group>"; };
		C9FB7BC61C247BB400C0E079 /* Wave MachineTests.xctest */ = {isa = PBXFileReference; explicitFileType = wrapper.cfbundle; includeInIndex = 0; path = "Wave MachineTests.xctest"; sourceTree = BUILT_PRODUCTS_DIR; };
		C9FB7BCA1C247BB400C0E079 /* Wave_MachineTests.swift */ = {isa = PBXFileReference; lastKnownFileType = sourcecode.swift; path = Wave_MachineTests.swift; sourceTree = "<group>"; };
		C9FB7BCC1C247BB400C0E079 /* Info.plist */ = {isa = PBXFileReference; lastKnownFileType = text.plist.xml; path = Info.plist; sourceTree = "<group>"; };
		C9FB7BD11C247BB400C0E079 /* Wave MachineUITests.xctest */ = {isa = PBXFileReference; explicitFileType = wrapper.cfbundle; includeInIndex = 0; path = "Wave MachineUITests.xctest"; sourceTree = BUILT_PRODUCTS_DIR; };
		C9FB7BD51C247BB400C0E079 /* Wave_MachineUITests.swift */ = {isa = PBXFileReference; lastKnownFileType = sourcecode.swift; path = Wave_MachineUITests.swift; sourceTree = "<group>"; };
		C9FB7BD71C247BB400C0E079 /* Info.plist */ = {isa = PBXFileReference; lastKnownFileType = text.plist.xml; path = Info.plist; sourceTree = "<group>"; };
		C9FB7BE31C247DDC00C0E079 /* SoundNode.swift */ = {isa = PBXFileReference; fileEncoding = 4; lastKnownFileType = sourcecode.swift; path = SoundNode.swift; sourceTree = "<group>"; };
/* End PBXFileReference section */

/* Begin PBXFrameworksBuildPhase section */
		C9FB7BAB1C247BB300C0E079 /* Frameworks */ = {
			isa = PBXFrameworksBuildPhase;
			buildActionMask = 2147483647;
			files = (
				C96783041CA4377F00269CB6 /* AudioKit.framework in Frameworks */,
			);
			runOnlyForDeploymentPostprocessing = 0;
		};
		C9FB7BC31C247BB400C0E079 /* Frameworks */ = {
			isa = PBXFrameworksBuildPhase;
			buildActionMask = 2147483647;
			files = (
			);
			runOnlyForDeploymentPostprocessing = 0;
		};
		C9FB7BCE1C247BB400C0E079 /* Frameworks */ = {
			isa = PBXFrameworksBuildPhase;
			buildActionMask = 2147483647;
			files = (
			);
			runOnlyForDeploymentPostprocessing = 0;
		};
/* End PBXFrameworksBuildPhase section */

/* Begin PBXGroup section */
		C9FB7BA51C247BB300C0E079 = {
			isa = PBXGroup;
			children = (
				C96783031CA4377F00269CB6 /* AudioKit.framework */,
				C9FB7BB01C247BB300C0E079 /* Wave Machine */,
				C9FB7BC91C247BB400C0E079 /* Wave MachineTests */,
				C9FB7BD41C247BB400C0E079 /* Wave MachineUITests */,
				C9FB7BAF1C247BB300C0E079 /* Products */,
			);
			sourceTree = "<group>";
		};
		C9FB7BAF1C247BB300C0E079 /* Products */ = {
			isa = PBXGroup;
			children = (
				C9FB7BAE1C247BB300C0E079 /* Wave Machine.app */,
				C9FB7BC61C247BB400C0E079 /* Wave MachineTests.xctest */,
				C9FB7BD11C247BB400C0E079 /* Wave MachineUITests.xctest */,
			);
			name = Products;
			sourceTree = "<group>";
		};
		C9FB7BB01C247BB300C0E079 /* Wave Machine */ = {
			isa = PBXGroup;
			children = (
				C9FB7BB11C247BB300C0E079 /* AppDelegate.swift */,
				C9FB7BB31C247BB300C0E079 /* GameScene.sks */,
				C9FB7BB51C247BB300C0E079 /* GameScene.swift */,
				C9E90BF01C4EBE4100D77A4E /* WaveScene.swift */,
				C91665661CAEDEEA00D9EC14 /* GarbageNode.swift */,
				C9D6EB2C1CA5A1E700896C50 /* NodeMenu.swift */,
				C92537E51C84CA0F00EA2FE5 /* AudioCollection.swift */,
				C9FB7BE31C247DDC00C0E079 /* SoundNode.swift */,
				C999B58C1CA318F000626CEB /* waveNode.swift */,
				C9FB7BB71C247BB400C0E079 /* GameViewController.swift */,
				C9FB7BB91C247BB400C0E079 /* Main.storyboard */,
				C9FB7BBC1C247BB400C0E079 /* Assets.xcassets */,
				C9FB7BBE1C247BB400C0E079 /* LaunchScreen.storyboard */,
				C9FB7BC11C247BB400C0E079 /* Info.plist */,
			);
			path = "Wave Machine";
			sourceTree = "<group>";
		};
		C9FB7BC91C247BB400C0E079 /* Wave MachineTests */ = {
			isa = PBXGroup;
			children = (
				C9FB7BCA1C247BB400C0E079 /* Wave_MachineTests.swift */,
				C9FB7BCC1C247BB400C0E079 /* Info.plist */,
			);
			path = "Wave MachineTests";
			sourceTree = "<group>";
		};
		C9FB7BD41C247BB400C0E079 /* Wave MachineUITests */ = {
			isa = PBXGroup;
			children = (
				C9FB7BD51C247BB400C0E079 /* Wave_MachineUITests.swift */,
				C9FB7BD71C247BB400C0E079 /* Info.plist */,
			);
			path = "Wave MachineUITests";
			sourceTree = "<group>";
		};
/* End PBXGroup section */

/* Begin PBXNativeTarget section */
		C9FB7BAD1C247BB300C0E079 /* Wave Machine */ = {
			isa = PBXNativeTarget;
			buildConfigurationList = C9FB7BDA1C247BB400C0E079 /* Build configuration list for PBXNativeTarget "Wave Machine" */;
			buildPhases = (
				C9FB7BAA1C247BB300C0E079 /* Sources */,
				C9FB7BAB1C247BB300C0E079 /* Frameworks */,
				C9FB7BAC1C247BB300C0E079 /* Resources */,
				C98BCDB01C6FB43A00EF8D54 /* Embed Frameworks */,
			);
			buildRules = (
			);
			dependencies = (
			);
			name = "Wave Machine";
			productName = "Wave Machine";
			productReference = C9FB7BAE1C247BB300C0E079 /* Wave Machine.app */;
			productType = "com.apple.product-type.application";
		};
		C9FB7BC51C247BB400C0E079 /* Wave MachineTests */ = {
			isa = PBXNativeTarget;
			buildConfigurationList = C9FB7BDD1C247BB400C0E079 /* Build configuration list for PBXNativeTarget "Wave MachineTests" */;
			buildPhases = (
				C9FB7BC21C247BB400C0E079 /* Sources */,
				C9FB7BC31C247BB400C0E079 /* Frameworks */,
				C9FB7BC41C247BB400C0E079 /* Resources */,
			);
			buildRules = (
			);
			dependencies = (
				C9FB7BC81C247BB400C0E079 /* PBXTargetDependency */,
			);
			name = "Wave MachineTests";
			productName = "Wave MachineTests";
			productReference = C9FB7BC61C247BB400C0E079 /* Wave MachineTests.xctest */;
			productType = "com.apple.product-type.bundle.unit-test";
		};
		C9FB7BD01C247BB400C0E079 /* Wave MachineUITests */ = {
			isa = PBXNativeTarget;
			buildConfigurationList = C9FB7BE01C247BB400C0E079 /* Build configuration list for PBXNativeTarget "Wave MachineUITests" */;
			buildPhases = (
				C9FB7BCD1C247BB400C0E079 /* Sources */,
				C9FB7BCE1C247BB400C0E079 /* Frameworks */,
				C9FB7BCF1C247BB400C0E079 /* Resources */,
			);
			buildRules = (
			);
			dependencies = (
				C9FB7BD31C247BB400C0E079 /* PBXTargetDependency */,
			);
			name = "Wave MachineUITests";
			productName = "Wave MachineUITests";
			productReference = C9FB7BD11C247BB400C0E079 /* Wave MachineUITests.xctest */;
			productType = "com.apple.product-type.bundle.ui-testing";
		};
/* End PBXNativeTarget section */

/* Begin PBXProject section */
		C9FB7BA61C247BB300C0E079 /* Project object */ = {
			isa = PBXProject;
			attributes = {
				LastSwiftUpdateCheck = 0720;
				LastUpgradeCheck = 0720;
				ORGANIZATIONNAME = "Matthew Schlegel";
				TargetAttributes = {
					C9FB7BAD1C247BB300C0E079 = {
						CreatedOnToolsVersion = 7.2;
						DevelopmentTeam = LP9BP8Y7GP;
					};
					C9FB7BC51C247BB400C0E079 = {
						CreatedOnToolsVersion = 7.2;
						DevelopmentTeam = LP9BP8Y7GP;
						TestTargetID = C9FB7BAD1C247BB300C0E079;
					};
					C9FB7BD01C247BB400C0E079 = {
						CreatedOnToolsVersion = 7.2;
						DevelopmentTeam = LP9BP8Y7GP;
						TestTargetID = C9FB7BAD1C247BB300C0E079;
					};
				};
			};
			buildConfigurationList = C9FB7BA91C247BB300C0E079 /* Build configuration list for PBXProject "Wave Machine" */;
			compatibilityVersion = "Xcode 3.2";
			developmentRegion = English;
			hasScannedForEncodings = 0;
			knownRegions = (
				en,
				Base,
			);
			mainGroup = C9FB7BA51C247BB300C0E079;
			productRefGroup = C9FB7BAF1C247BB300C0E079 /* Products */;
			projectDirPath = "";
			projectRoot = "";
			targets = (
				C9FB7BAD1C247BB300C0E079 /* Wave Machine */,
				C9FB7BC51C247BB400C0E079 /* Wave MachineTests */,
				C9FB7BD01C247BB400C0E079 /* Wave MachineUITests */,
			);
		};
/* End PBXProject section */

/* Begin PBXResourcesBuildPhase section */
		C9FB7BAC1C247BB300C0E079 /* Resources */ = {
			isa = PBXResourcesBuildPhase;
			buildActionMask = 2147483647;
			files = (
				C9FB7BB41C247BB300C0E079 /* GameScene.sks in Resources */,
				C9FB7BC01C247BB400C0E079 /* LaunchScreen.storyboard in Resources */,
				C9FB7BBD1C247BB400C0E079 /* Assets.xcassets in Resources */,
				C9FB7BBB1C247BB400C0E079 /* Main.storyboard in Resources */,
			);
			runOnlyForDeploymentPostprocessing = 0;
		};
		C9FB7BC41C247BB400C0E079 /* Resources */ = {
			isa = PBXResourcesBuildPhase;
			buildActionMask = 2147483647;
			files = (
			);
			runOnlyForDeploymentPostprocessing = 0;
		};
		C9FB7BCF1C247BB400C0E079 /* Resources */ = {
			isa = PBXResourcesBuildPhase;
			buildActionMask = 2147483647;
			files = (
			);
			runOnlyForDeploymentPostprocessing = 0;
		};
/* End PBXResourcesBuildPhase section */

/* Begin PBXSourcesBuildPhase section */
		C9FB7BAA1C247BB300C0E079 /* Sources */ = {
			isa = PBXSourcesBuildPhase;
			buildActionMask = 2147483647;
			files = (
				C92537E61C84CA0F00EA2FE5 /* AudioCollection.swift in Sources */,
				C9FB7BB61C247BB400C0E079 /* GameScene.swift in Sources */,
				C9FB7BB81C247BB400C0E079 /* GameViewController.swift in Sources */,
				C9FB7BB21C247BB300C0E079 /* AppDelegate.swift in Sources */,
				C9D6EB2D1CA5A1E700896C50 /* NodeMenu.swift in Sources */,
				C9FB7BE41C247DDC00C0E079 /* SoundNode.swift in Sources */,
				C91665671CAEDEEA00D9EC14 /* GarbageNode.swift in Sources */,
				C999B58D1CA318F000626CEB /* waveNode.swift in Sources */,
				C9E90BF11C4EBE4100D77A4E /* WaveScene.swift in Sources */,
			);
			runOnlyForDeploymentPostprocessing = 0;
		};
		C9FB7BC21C247BB400C0E079 /* Sources */ = {
			isa = PBXSourcesBuildPhase;
			buildActionMask = 2147483647;
			files = (
				C9FB7BCB1C247BB400C0E079 /* Wave_MachineTests.swift in Sources */,
			);
			runOnlyForDeploymentPostprocessing = 0;
		};
		C9FB7BCD1C247BB400C0E079 /* Sources */ = {
			isa = PBXSourcesBuildPhase;
			buildActionMask = 2147483647;
			files = (
				C9FB7BD61C247BB400C0E079 /* Wave_MachineUITests.swift in Sources */,
			);
			runOnlyForDeploymentPostprocessing = 0;
		};
/* End PBXSourcesBuildPhase section */

/* Begin PBXTargetDependency section */
		C9FB7BC81C247BB400C0E079 /* PBXTargetDependency */ = {
			isa = PBXTargetDependency;
			target = C9FB7BAD1C247BB300C0E079 /* Wave Machine */;
			targetProxy = C9FB7BC71C247BB400C0E079 /* PBXContainerItemProxy */;
		};
		C9FB7BD31C247BB400C0E079 /* PBXTargetDependency */ = {
			isa = PBXTargetDependency;
			target = C9FB7BAD1C247BB300C0E079 /* Wave Machine */;
			targetProxy = C9FB7BD21C247BB400C0E079 /* PBXContainerItemProxy */;
		};
/* End PBXTargetDependency section */

/* Begin PBXVariantGroup section */
		C9FB7BB91C247BB400C0E079 /* Main.storyboard */ = {
			isa = PBXVariantGroup;
			children = (
				C9FB7BBA1C247BB400C0E079 /* Base */,
			);
			name = Main.storyboard;
			sourceTree = "<group>";
		};
		C9FB7BBE1C247BB400C0E079 /* LaunchScreen.storyboard */ = {
			isa = PBXVariantGroup;
			children = (
				C9FB7BBF1C247BB400C0E079 /* Base */,
			);
			name = LaunchScreen.storyboard;
			sourceTree = "<group>";
		};
/* End PBXVariantGroup section */

/* Begin XCBuildConfiguration section */
		C9FB7BD81C247BB400C0E079 /* Debug */ = {
			isa = XCBuildConfiguration;
			buildSettings = {
				ALWAYS_SEARCH_USER_PATHS = NO;
				CLANG_CXX_LANGUAGE_STANDARD = "gnu++0x";
				CLANG_CXX_LIBRARY = "libc++";
				CLANG_ENABLE_MODULES = YES;
				CLANG_ENABLE_OBJC_ARC = YES;
				CLANG_WARN_BOOL_CONVERSION = YES;
				CLANG_WARN_CONSTANT_CONVERSION = YES;
				CLANG_WARN_DIRECT_OBJC_ISA_USAGE = YES_ERROR;
				CLANG_WARN_EMPTY_BODY = YES;
				CLANG_WARN_ENUM_CONVERSION = YES;
				CLANG_WARN_INT_CONVERSION = YES;
				CLANG_WARN_OBJC_ROOT_CLASS = YES_ERROR;
				CLANG_WARN_UNREACHABLE_CODE = YES;
				CLANG_WARN__DUPLICATE_METHOD_MATCH = YES;
				"CODE_SIGN_IDENTITY[sdk=iphoneos*]" = "iPhone Developer";
				COPY_PHASE_STRIP = NO;
				DEBUG_INFORMATION_FORMAT = "dwarf-with-dsym";
				ENABLE_STRICT_OBJC_MSGSEND = YES;
				ENABLE_TESTABILITY = YES;
				GCC_C_LANGUAGE_STANDARD = gnu99;
				GCC_DYNAMIC_NO_PIC = NO;
				GCC_NO_COMMON_BLOCKS = YES;
				GCC_OPTIMIZATION_LEVEL = 0;
				GCC_PREPROCESSOR_DEFINITIONS = (
					"DEBUG=1",
					"$(inherited)",
				);
				GCC_WARN_64_TO_32_BIT_CONVERSION = YES;
				GCC_WARN_ABOUT_RETURN_TYPE = YES_ERROR;
				GCC_WARN_UNDECLARED_SELECTOR = YES;
				GCC_WARN_UNINITIALIZED_AUTOS = YES_AGGRESSIVE;
				GCC_WARN_UNUSED_FUNCTION = YES;
				GCC_WARN_UNUSED_VARIABLE = YES;
				IPHONEOS_DEPLOYMENT_TARGET = 9.2;
				MTL_ENABLE_DEBUG_INFO = YES;
				ONLY_ACTIVE_ARCH = YES;
				SDKROOT = iphoneos;
				SWIFT_OPTIMIZATION_LEVEL = "-Onone";
			};
			name = Debug;
		};
		C9FB7BD91C247BB400C0E079 /* Release */ = {
			isa = XCBuildConfiguration;
			buildSettings = {
				ALWAYS_SEARCH_USER_PATHS = NO;
				CLANG_CXX_LANGUAGE_STANDARD = "gnu++0x";
				CLANG_CXX_LIBRARY = "libc++";
				CLANG_ENABLE_MODULES = YES;
				CLANG_ENABLE_OBJC_ARC = YES;
				CLANG_WARN_BOOL_CONVERSION = YES;
				CLANG_WARN_CONSTANT_CONVERSION = YES;
				CLANG_WARN_DIRECT_OBJC_ISA_USAGE = YES_ERROR;
				CLANG_WARN_EMPTY_BODY = YES;
				CLANG_WARN_ENUM_CONVERSION = YES;
				CLANG_WARN_INT_CONVERSION = YES;
				CLANG_WARN_OBJC_ROOT_CLASS = YES_ERROR;
				CLANG_WARN_UNREACHABLE_CODE = YES;
				CLANG_WARN__DUPLICATE_METHOD_MATCH = YES;
				"CODE_SIGN_IDENTITY[sdk=iphoneos*]" = "iPhone Developer";
				COPY_PHASE_STRIP = NO;
				DEBUG_INFORMATION_FORMAT = "dwarf-with-dsym";
				ENABLE_NS_ASSERTIONS = NO;
				ENABLE_STRICT_OBJC_MSGSEND = YES;
				GCC_C_LANGUAGE_STANDARD = gnu99;
				GCC_NO_COMMON_BLOCKS = YES;
				GCC_WARN_64_TO_32_BIT_CONVERSION = YES;
				GCC_WARN_ABOUT_RETURN_TYPE = YES_ERROR;
				GCC_WARN_UNDECLARED_SELECTOR = YES;
				GCC_WARN_UNINITIALIZED_AUTOS = YES_AGGRESSIVE;
				GCC_WARN_UNUSED_FUNCTION = YES;
				GCC_WARN_UNUSED_VARIABLE = YES;
				IPHONEOS_DEPLOYMENT_TARGET = 9.2;
				MTL_ENABLE_DEBUG_INFO = NO;
				SDKROOT = iphoneos;
				VALIDATE_PRODUCT = YES;
			};
			name = Release;
		};
		C9FB7BDB1C247BB400C0E079 /* Debug */ = {
			isa = XCBuildConfiguration;
			buildSettings = {
				ASSETCATALOG_COMPILER_APPICON_NAME = AppIcon;
				FRAMEWORK_SEARCH_PATHS = (
					"$(inherited)",
					"$(PROJECT_DIR)",
				);
				INFOPLIST_FILE = "Wave Machine/Info.plist";
				LD_RUNPATH_SEARCH_PATHS = "$(inherited) @executable_path/Frameworks";
				PRODUCT_BUNDLE_IDENTIFIER = "com.mkschleg.Wave-Machine";
				PRODUCT_NAME = "$(TARGET_NAME)";
			};
			name = Debug;
		};
		C9FB7BDC1C247BB400C0E079 /* Release */ = {
			isa = XCBuildConfiguration;
			buildSettings = {
				ASSETCATALOG_COMPILER_APPICON_NAME = AppIcon;
				FRAMEWORK_SEARCH_PATHS = (
					"$(inherited)",
					"$(PROJECT_DIR)",
				);
				INFOPLIST_FILE = "Wave Machine/Info.plist";
				LD_RUNPATH_SEARCH_PATHS = "$(inherited) @executable_path/Frameworks";
				PRODUCT_BUNDLE_IDENTIFIER = "com.mkschleg.Wave-Machine";
				PRODUCT_NAME = "$(TARGET_NAME)";
			};
			name = Release;
		};
		C9FB7BDE1C247BB400C0E079 /* Debug */ = {
			isa = XCBuildConfiguration;
			buildSettings = {
				BUNDLE_LOADER = "$(TEST_HOST)";
				DEBUG_INFORMATION_FORMAT = dwarf;
				INFOPLIST_FILE = "Wave MachineTests/Info.plist";
				LD_RUNPATH_SEARCH_PATHS = "$(inherited) @executable_path/Frameworks @loader_path/Frameworks";
				PRODUCT_BUNDLE_IDENTIFIER = "com.mkschleg.Wave-MachineTests";
				PRODUCT_NAME = "$(TARGET_NAME)";
				TEST_HOST = "$(BUILT_PRODUCTS_DIR)/Wave Machine.app/Wave Machine";
			};
			name = Debug;
		};
		C9FB7BDF1C247BB400C0E079 /* Release */ = {
			isa = XCBuildConfiguration;
			buildSettings = {
				BUNDLE_LOADER = "$(TEST_HOST)";
				INFOPLIST_FILE = "Wave MachineTests/Info.plist";
				LD_RUNPATH_SEARCH_PATHS = "$(inherited) @executable_path/Frameworks @loader_path/Frameworks";
				PRODUCT_BUNDLE_IDENTIFIER = "com.mkschleg.Wave-MachineTests";
				PRODUCT_NAME = "$(TARGET_NAME)";
				TEST_HOST = "$(BUILT_PRODUCTS_DIR)/Wave Machine.app/Wave Machine";
			};
			name = Release;
		};
		C9FB7BE11C247BB400C0E079 /* Debug */ = {
			isa = XCBuildConfiguration;
			buildSettings = {
				DEBUG_INFORMATION_FORMAT = dwarf;
				INFOPLIST_FILE = "Wave MachineUITests/Info.plist";
				LD_RUNPATH_SEARCH_PATHS = "$(inherited) @executable_path/Frameworks @loader_path/Frameworks";
				PRODUCT_BUNDLE_IDENTIFIER = "com.mkschleg.Wave-MachineUITests";
				PRODUCT_NAME = "$(TARGET_NAME)";
				TEST_TARGET_NAME = "Wave Machine";
				USES_XCTRUNNER = YES;
			};
			name = Debug;
		};
		C9FB7BE21C247BB400C0E079 /* Release */ = {
			isa = XCBuildConfiguration;
			buildSettings = {
				INFOPLIST_FILE = "Wave MachineUITests/Info.plist";
				LD_RUNPATH_SEARCH_PATHS = "$(inherited) @executable_path/Frameworks @loader_path/Frameworks";
				PRODUCT_BUNDLE_IDENTIFIER = "com.mkschleg.Wave-MachineUITests";
				PRODUCT_NAME = "$(TARGET_NAME)";
				TEST_TARGET_NAME = "Wave Machine";
				USES_XCTRUNNER = YES;
			};
			name = Release;
		};
/* End XCBuildConfiguration section */

/* Begin XCConfigurationList section */
		C9FB7BA91C247BB300C0E079 /* Build configuration list for PBXProject "Wave Machine" */ = {
			isa = XCConfigurationList;
			buildConfigurations = (
				C9FB7BD81C247BB400C0E079 /* Debug */,
				C9FB7BD91C247BB400C0E079 /* Release */,
			);
			defaultConfigurationIsVisible = 0;
			defaultConfigurationName = Release;
		};
		C9FB7BDA1C247BB400C0E079 /* Build configuration list for PBXNativeTarget "Wave Machine" */ = {
			isa = XCConfigurationList;
			buildConfigurations = (
				C9FB7BDB1C247BB400C0E079 /* Debug */,
				C9FB7BDC1C247BB400C0E079 /* Release */,
			);
			defaultConfigurationIsVisible = 0;
			defaultConfigurationName = Release;
		};
		C9FB7BDD1C247BB400C0E079 /* Build configuration list for PBXNativeTarget "Wave MachineTests" */ = {
			isa = XCConfigurationList;
			buildConfigurations = (
				C9FB7BDE1C247BB400C0E079 /* Debug */,
				C9FB7BDF1C247BB400C0E079 /* Release */,
			);
			defaultConfigurationIsVisible = 0;
			defaultConfigurationName = Release;
		};
		C9FB7BE01C247BB400C0E079 /* Build configuration list for PBXNativeTarget "Wave MachineUITests" */ = {
			isa = XCConfigurationList;
			buildConfigurations = (
				C9FB7BE11C247BB400C0E079 /* Debug */,
				C9FB7BE21C247BB400C0E079 /* Release */,
			);
			defaultConfigurationIsVisible = 0;
			defaultConfigurationName = Release;
		};
/* End XCConfigurationList section */
	};
	rootObject = C9FB7BA61C247BB300C0E079 /* Project object */;
}
